{
  "nodes": {
    "nixpkgs": {
      "locked": {
        "lastModified": 1672335022,
        "narHash": "sha256-417aTRDZpob/UNsA4A0ilBUBQ0H8u+Wx9+OJAAygufQ=",
        "owner": "NixOS",
        "repo": "nixpkgs",
        "rev": "88eaf4a29b5b87a5f83fab413caba24cb13633f0",
        "type": "github"
      },
      "original": {
        "owner": "NixOS",
        "ref": "release-22.05",
        "repo": "nixpkgs",
        "type": "github"
      }
    },
    "root": {
      "inputs": {
        "nixpkgs": "nixpkgs",
        "rust-overlay": "rust-overlay",
        "utils": "utils"
      }
    },
    "rust-overlay": {
      "inputs": {
        "flake-utils": [
          "utils"
        ],
        "nixpkgs": [
          "nixpkgs"
        ]
      },
      "locked": {
        "lastModified": 1672367043,
        "narHash": "sha256-4/40kfJysfDEfSpXJ3inuMetn40czz5Mh73SjxsKTX0=",
        "owner": "oxalica",
        "repo": "rust-overlay",
        "rev": "e6b2214363f5e18576a3b2ca0e0483d8f42fe531",
        "type": "github"
      },
      "original": {
        "owner": "oxalica",
        "repo": "rust-overlay",
        "type": "github"
      }
    },
    "utils": {
      "locked": {
        "lastModified": 1667395993,
        "narHash": "sha256-nuEHfE/LcWyuSWnS8t12N1wc105Qtau+/OdUAjtQ0rA=",
        "owner": "numtide",
        "repo": "flake-utils",
        "rev": "5aed5285a952e0b949eb3ba02c12fa4fcfef535f",
        "type": "github"
      },
      "original": {
        "owner": "numtide",
        "repo": "flake-utils",
        "type": "github"
      }
    }
  },
  "root": "root",
  "version": 7
}
